{
  "name": "littledudebook",
  "lockfileVersion": 3,
  "requires": true,
  "packages": {
    "": {
      "dependencies": {
        "@dangskipperms/promptui": "file:../../tools/promptui"
      }
    },
    "../../tools/promptui": {
      "name": "@dangskipperms/promptui",
      "version": "0.2.0",
      "hasInstallScript": true,
      "license": "MIT",
      "os": [
        "darwin"
      ],
      "dependencies": {
        "express": "^4.18.2"
      },
      "bin": {
        "promptui": "dist/cli.js"
      },
      "devDependencies": {
        "@types/express": "^5.0.6",
        "@types/node": "^25.3.2",
        "typescript": "^5.9.3"
      },
      "engines": {
        "node": ">=18"
      }
    },
    "node_modules/@dangskipperms/promptui": {
      "resolved": "../../tools/promptui",
      "link": true
    }
  }
}
